
Microsoft Visual Studio Solution File, Format Version 12.00
# Visual Studio Version 17
VisualStudioVersion = 17.7.34024.191
MinimumVisualStudioVersion = 10.0.40219.1
Project("{54A90642-561A-4BB1-A94E-469ADEE60C69}") = "desafio-de-projeto", "desafio-de-projeto\desafio-de-projeto.esproj", "{AFF4E780-E046-471A-88B1-F2FD49E208F0}"
EndProject
Global
	GlobalSection(SolutionConfigurationPlatforms) = preSolution
		Debug|Any CPU = Debug|Any CPU
		Release|Any CPU = Release|Any CPU
	EndGlobalSection
	GlobalSection(ProjectConfigurationPlatforms) = postSolution
		{AFF4E780-E046-471A-88B1-F2FD49E208F0}.Debug|Any CPU.ActiveCfg = Debug|Any CPU
		{AFF4E780-E046-471A-88B1-F2FD49E208F0}.Debug|Any CPU.Build.0 = Debug|Any CPU
		{AFF4E780-E046-471A-88B1-F2FD49E208F0}.Debug|Any CPU.Deploy.0 = Debug|Any CPU
		{AFF4E780-E046-471A-88B1-F2FD49E208F0}.Release|Any CPU.ActiveCfg = Release|Any CPU
		{AFF4E780-E046-471A-88B1-F2FD49E208F0}.Release|Any CPU.Build.0 = Release|Any CPU
		{AFF4E780-E046-471A-88B1-F2FD49E208F0}.Release|Any CPU.Deploy.0 = Release|Any CPU
	EndGlobalSection
	GlobalSection(SolutionProperties) = preSolution
		HideSolutionNode = FALSE
	EndGlobalSection
	GlobalSection(ExtensibilityGlobals) = postSolution
		SolutionGuid = {FB6DD171-46FA-4D48-A06B-5ECCA68759C8}
	EndGlobalSection
EndGlobal
